// !$*UTF8*$!
{
	archiveVersion = 1;
	classes = {
	};
	objectVersion = 50;
	objects = {

/* Begin PBXBuildFile section */
		68849EC8232A6DB100F60477 /* AppDelegate.swift in Sources */ = {isa = PBXBuildFile; fileRef = 68849EC7232A6DB100F60477 /* AppDelegate.swift */; };
		68849ECA232A6DB100F60477 /* ViewController.swift in Sources */ = {isa = PBXBuildFile; fileRef = 68849EC9232A6DB100F60477 /* ViewController.swift */; };
		68849ECD232A6DB100F60477 /* Main.storyboard in Resources */ = {isa = PBXBuildFile; fileRef = 68849ECB232A6DB100F60477 /* Main.storyboard */; };
		68849ED0232A6DB200F60477 /* machineTest2_2.xcdatamodeld in Sources */ = {isa = PBXBuildFile; fileRef = 68849ECE232A6DB200F60477 /* machineTest2_2.xcdatamodeld */; };
		68849ED2232A6DD700F60477 /* Assets.xcassets in Resources */ = {isa = PBXBuildFile; fileRef = 68849ED1232A6DD700F60477 /* Assets.xcassets */; };
		68849ED5232A6DD700F60477 /* LaunchScreen.storyboard in Resources */ = {isa = PBXBuildFile; fileRef = 68849ED3232A6DD700F60477 /* LaunchScreen.storyboard */; };
		68849EDD232A9DE700F60477 /* NextViewController.swift in Sources */ = {isa = PBXBuildFile; fileRef = 68849EDC232A9DE700F60477 /* NextViewController.swift */; };
/* End PBXBuildFile section */

/* Begin PBXFileReference section */
		68849EC4232A6DB100F60477 /* machineTest2.2.app */ = {isa = PBXFileReference; explicitFileType = wrapper.application; includeInIndex = 0; path = machineTest2.2.app; sourceTree = BUILT_PRODUCTS_DIR; };
		68849EC7232A6DB100F60477 /* AppDelegate.swift */ = {isa = PBXFileReference; lastKnownFileType = sourcecode.swift; path = AppDelegate.swift; sourceTree = "<group>"; };
		68849EC9232A6DB100F60477 /* ViewController.swift */ = {isa = PBXFileReference; lastKnownFileType = sourcecode.swift; path = ViewController.swift; sourceTree = "<group>"; };
		68849ECC232A6DB100F60477 /* Base */ = {isa = PBXFileReference; lastKnownFileType = file.storyboard; name = Base; path = Base.lproj/Main.storyboard; sourceTree = "<group>"; };
		68849ECF232A6DB200F60477 /* machineTest2_2.xcdatamodel */ = {isa = PBXFileReference; lastKnownFileType = wrapper.xcdatamodel; path = machineTest2_2.xcdatamodel; sourceTree = "<group>"; };
		68849ED1232A6DD700F60477 /* Assets.xcassets */ = {isa = PBXFileReference; lastKnownFileType = folder.assetcatalog; path = Assets.xcassets; sourceTree = "<group>"; };
		68849ED4232A6DD700F60477 /* Base */ = {isa = PBXFileReference; lastKnownFileType = file.storyboard; name = Base; path = Base.lproj/LaunchScreen.storyboard; sourceTree = "<group>"; };
		68849ED6232A6DD700F60477 /* Info.plist */ = {isa = PBXFileReference; lastKnownFileType = text.plist.xml; path = Info.plist; sourceTree = "<group>"; };
		68849EDC232A9DE700F60477 /* NextViewController.swift */ = {isa = PBXFileReference; lastKnownFileType = sourcecode.swift; path = NextViewController.swift; sourceTree = "<group>"; };
/* End PBXFileReference section */

/* Begin PBXFrameworksBuildPhase section */
		68849EC1232A6DB100F60477 /* Frameworks */ = {
			isa = PBXFrameworksBuildPhase;
			buildActionMask = 2147483647;
			files = (
			);
			runOnlyForDeploymentPostprocessing = 0;
		};
/* End PBXFrameworksBuildPhase section */

/* Begin PBXGroup section */
		68849EBB232A6DB100F60477 = {
			isa = PBXGroup;
			children = (
				68849EC6232A6DB100F60477 /* machineTest2.2 */,
				68849EC5232A6DB100F60477 /* Products */,
			);
			sourceTree = "<group>";
		};
		68849EC5232A6DB100F60477 /* Products */ = {
			isa = PBXGroup;
			children = (
				68849EC4232A6DB100F60477 /* machineTest2.2.app */,
			);
			name = Products;
			sourceTree = "<group>";
		};
		68849EC6232A6DB100F60477 /* machineTest2.2 */ = {
			isa = PBXGroup;
			children = (
				68849EC7232A6DB100F60477 /* AppDelegate.swift */,
				68849EC9232A6DB100F60477 /* ViewController.swift */,
				68849ECB232A6DB100F60477 /* Main.storyboard */,
				68849EDC232A9DE700F60477 /* NextViewController.swift */,
				68849ED1232A6DD700F60477 /* Assets.xcassets */,
				68849ED3232A6DD700F60477 /* LaunchScreen.storyboard */,
				68849ED6232A6DD700F60477 /* Info.plist */,
				68849ECE232A6DB200F60477 /* machineTest2_2.xcdatamodeld */,
			);
			path = machineTest2.2;
			sourceTree = "<group>";
		};
/* End PBXGroup section */

/* Begin PBXNativeTarget section */
		68849EC3232A6DB100F60477 /* machineTest2.2 */ = {
			isa = PBXNativeTarget;
			buildConfigurationList = 68849ED9232A6DD700F60477 /* Build configuration list for PBXNativeTarget "machineTest2.2" */;
			buildPhases = (
				68849EC0232A6DB100F60477 /* Sources */,
				68849EC1232A6DB100F60477 /* Frameworks */,
				68849EC2232A6DB100F60477 /* Resources */,
			);
			buildRules = (
			);
			dependencies = (
			);
			name = machineTest2.2;
			productName = machineTest2.2;
			productReference = 68849EC4232A6DB100F60477 /* machineTest2.2.app */;
			productType = "com.apple.product-type.application";
		};
/* End PBXNativeTarget section */

/* Begin PBXProject section */
		68849EBC232A6DB100F60477 /* Project object */ = {
			isa = PBXProject;
			attributes = {
				LastSwiftUpdateCheck = 1010;
				LastUpgradeCheck = 1010;
				ORGANIZATIONNAME = Apurva;
				TargetAttributes = {
					68849EC3232A6DB100F60477 = {
						CreatedOnToolsVersion = 10.1;
					};
				};
			};
			buildConfigurationList = 68849EBF232A6DB100F60477 /* Build configuration list for PBXProject "machineTest2.2" */;
			compatibilityVersion = "Xcode 9.3";
			developmentRegion = en;
			hasScannedForEncodings = 0;
			knownRegions = (
				en,
				Base,
			);
			mainGroup = 68849EBB232A6DB100F60477;
			productRefGroup = 68849EC5232A6DB100F60477 /* Products */;
			projectDirPath = "";
			projectRoot = "";
			targets = (
				68849EC3232A6DB100F60477 /* machineTest2.2 */,
			);
		};
/* End PBXProject section */

/* Begin PBXResourcesBuildPhase section */
		68849EC2232A6DB100F60477 /* Resources */ = {
			isa = PBXResourcesBuildPhase;
			buildActionMask = 2147483647;
			files = (
				68849ED5232A6DD700F60477 /* LaunchScreen.storyboard in Resources */,
				68849ED2232A6DD700F60477 /* Assets.xcassets in Resources */,
				68849ECD232A6DB100F60477 /* Main.storyboard in Resources */,
			);
			runOnlyForDeploymentPostprocessing = 0;
		};
/* End PBXResourcesBuildPhase section */

/* Begin PBXSourcesBuildPhase section */
		68849EC0232A6DB100F60477 /* Sources */ = {
			isa = PBXSourcesBuildPhase;
			buildActionMask = 2147483647;
			files = (
				68849ED0232A6DB200F60477 /* machineTest2_2.xcdatamodeld in Sources */,
				68849EDD232A9DE700F60477 /* NextViewController.swift in Sources */,
				68849ECA232A6DB100F60477 /* ViewController.swift in Sources */,
				68849EC8232A6DB100F60477 /* AppDelegate.swift in Sources */,
			);
			runOnlyForDeploymentPostprocessing = 0;
		};
/* End PBXSourcesBuildPhase section */

/* Begin PBXVariantGroup section */
		68849ECB232A6DB100F60477 /* Main.storyboard */ = {
			isa = PBXVariantGroup;
			children = (
				68849ECC232A6DB100F60477 /* Base */,
			);
			name = Main.storyboard;
			sourceTree = "<group>";
		};
		68849ED3232A6DD700F60477 /* LaunchScreen.storyboard */ = {
			isa = PBXVariantGroup;
			children = (
				68849ED4232A6DD700F60477 /* Base */,
			);
			name = LaunchScreen.storyboard;
			sourceTree = "<group>";
		};
/* End PBXVariantGroup section */

/* Begin XCBuildConfiguration section */
		68849ED7232A6DD700F60477 /* Debug */ = {
			isa = XCBuildConfiguration;
			buildSettings = {
				ALWAYS_SEARCH_USER_PATHS = NO;
				CLANG_ANALYZER_NONNULL = YES;
				CLANG_ANALYZER_NUMBER_OBJECT_CONVERSION = YES_AGGRESSIVE;
				CLANG_CXX_LANGUAGE_STANDARD = "gnu++14";
				CLANG_CXX_LIBRARY = "libc++";
				CLANG_ENABLE_MODULES = YES;
				CLANG_ENABLE_OBJC_ARC = YES;
				CLANG_ENABLE_OBJC_WEAK = YES;
				CLANG_WARN_BLOCK_CAPTURE_AUTORELEASING = YES;
				CLANG_WARN_BOOL_CONVERSION = YES;
				CLANG_WARN_COMMA = YES;
				CLANG_WARN_CONSTANT_CONVERSION = YES;
				CLANG_WARN_DEPRECATED_OBJC_IMPLEMENTATIONS = YES;
				CLANG_WARN_DIRECT_OBJC_ISA_USAGE = YES_ERROR;
				CLANG_WARN_DOCUMENTATION_COMMENTS = YES;
				CLANG_WARN_EMPTY_BODY = YES;
				CLANG_WARN_ENUM_CONVERSION = YES;
				CLANG_WARN_INFINITE_RECURSION = YES;
				CLANG_WARN_INT_CONVERSION = YES;
				CLANG_WARN_NON_LITERAL_NULL_CONVERSION = YES;
				CLANG_WARN_OBJC_IMPLICIT_RETAIN_SELF = YES;
				CLANG_WARN_OBJC_LITERAL_CONVERSION = YES;
				CLANG_WARN_OBJC_ROOT_CLASS = YES_ERROR;
				CLANG_WARN_RANGE_LOOP_ANALYSIS = YES;
				CLANG_WARN_STRICT_PROTOTYPES = YES;
				CLANG_WARN_SUSPICIOUS_MOVE = YES;
				CLANG_WARN_UNGUARDED_AVAILABILITY = YES_AGGRESSIVE;
				CLANG_WARN_UNREACHABLE_CODE = YES;
				CLANG_WARN__DUPLICATE_METHOD_MATCH = YES;
				CODE_SIGN_IDENTITY = "iPhone Developer";
				COPY_PHASE_STRIP = NO;
				DEBUG_INFORMATION_FORMAT = dwarf;
				ENABLE_STRICT_OBJC_MSGSEND = YES;
				ENABLE_TESTABILITY = YES;
				GCC_C_LANGUAGE_STANDARD = gnu11;
				GCC_DYNAMIC_NO_PIC = NO;
				GCC_NO_COMMON_BLOCKS = YES;
				GCC_OPTIMIZATION_LEVEL = 0;
				GCC_PREPROCESSOR_DEFINITIONS = (
					"DEBUG=1",
					"$(inherited)",
				);
				GCC_WARN_64_TO_32_BIT_CONVERSION = YES;
				GCC_WARN_ABOUT_RETURN_TYPE = YES_ERROR;
				GCC_WARN_UNDECLARED_SELECTOR = YES;
				GCC_WARN_UNINITIALIZED_AUTOS = YES_AGGRESSIVE;
				GCC_WARN_UNUSED_FUNCTION = YES;
				GCC_WARN_UNUSED_VARIABLE = YES;
				IPHONEOS_DEPLOYMENT_TARGET = 12.1;
				MTL_ENABLE_DEBUG_INFO = INCLUDE_SOURCE;
				MTL_FAST_MATH = YES;
				ONLY_ACTIVE_ARCH = YES;
				SDKROOT = iphoneos;
				SWIFT_ACTIVE_COMPILATION_CONDITIONS = DEBUG;
				SWIFT_OPTIMIZATION_LEVEL = "-Onone";
			};
			name = Debug;
		};
		68849ED8232A6DD700F60477 /* Release */ = {
			isa = XCBuildConfiguration;
			buildSettings = {
				ALWAYS_SEARCH_USER_PATHS = NO;
				CLANG_ANALYZER_NONNULL = YES;
				CLANG_ANALYZER_NUMBER_OBJECT_CONVERSION = YES_AGGRESSIVE;
				CLANG_CXX_LANGUAGE_STANDARD = "gnu++14";
				CLANG_CXX_LIBRARY = "libc++";
				CLANG_ENABLE_MODULES = YES;
				CLANG_ENABLE_OBJC_ARC = YES;
				CLANG_ENABLE_OBJC_WEAK = YES;
				CLANG_WARN_BLOCK_CAPTURE_AUTORELEASING = YES;
				CLANG_WARN_BOOL_CONVERSION = YES;
				CLANG_WARN_COMMA = YES;
				CLANG_WARN_CONSTANT_CONVERSION = YES;
				CLANG_WARN_DEPRECATED_OBJC_IMPLEMENTATIONS = YES;
				CLANG_WARN_DIRECT_OBJC_ISA_USAGE = YES_ERROR;
				CLANG_WARN_DOCUMENTATION_COMMENTS = YES;
				CLANG_WARN_EMPTY_BODY = YES;
				CLANG_WARN_ENUM_CONVERSION = YES;
				CLANG_WARN_INFINITE_RECURSION = YES;
				CLANG_WARN_INT_CONVERSION = YES;
				CLANG_WARN_NON_LITERAL_NULL_CONVERSION = YES;
				CLANG_WARN_OBJC_IMPLICIT_RETAIN_SELF = YES;
				CLANG_WARN_OBJC_LITERAL_CONVERSION = YES;
				CLANG_WARN_OBJC_ROOT_CLASS = YES_ERROR;
				CLANG_WARN_RANGE_LOOP_ANALYSIS = YES;
				CLANG_WARN_STRICT_PROTOTYPES = YES;
				CLANG_WARN_SUSPICIOUS_MOVE = YES;
				CLANG_WARN_UNGUARDED_AVAILABILITY = YES_AGGRESSIVE;
				CLANG_WARN_UNREACHABLE_CODE = YES;
				CLANG_WARN__DUPLICATE_METHOD_MATCH = YES;
				CODE_SIGN_IDENTITY = "iPhone Developer";
				COPY_PHASE_STRIP = NO;
				DEBUG_INFORMATION_FORMAT = "dwarf-with-dsym";
				ENABLE_NS_ASSERTIONS = NO;
				ENABLE_STRICT_OBJC_MSGSEND = YES;
				GCC_C_LANGUAGE_STANDARD = gnu11;
				GCC_NO_COMMON_BLOCKS = YES;
				GCC_WARN_64_TO_32_BIT_CONVERSION = YES;
				GCC_WARN_ABOUT_RETURN_TYPE = YES_ERROR;
				GCC_WARN_UNDECLARED_SELECTOR = YES;
				GCC_WARN_UNINITIALIZED_AUTOS = YES_AGGRESSIVE;
				GCC_WARN_UNUSED_FUNCTION = YES;
				GCC_WARN_UNUSED_VARIABLE = YES;
				IPHONEOS_DEPLOYMENT_TARGET = 12.1;
				MTL_ENABLE_DEBUG_INFO = NO;
				MTL_FAST_MATH = YES;
				SDKROOT = iphoneos;
				SWIFT_COMPILATION_MODE = wholemodule;
				SWIFT_OPTIMIZATION_LEVEL = "-O";
				VALIDATE_PRODUCT = YES;
			};
			name = Release;
		};
		68849EDA232A6DD700F60477 /* Debug */ = {
			isa = XCBuildConfiguration;
			buildSettings = {
				ASSETCATALOG_COMPILER_APPICON_NAME = AppIcon;
				CODE_SIGN_STYLE = Automatic;
				DEVELOPMENT_TEAM = T4735A73T7;
				INFOPLIST_FILE = machineTest2.2/Info.plist;
				LD_RUNPATH_SEARCH_PATHS = (
					"$(inherited)",
					"@executable_path/Frameworks",
				);
				PRODUCT_BUNDLE_IDENTIFIER = "com.apurvanshul.machineTest2-2";
				PRODUCT_NAME = "$(TARGET_NAME)";
				SWIFT_VERSION = 4.2;
				TARGETED_DEVICE_FAMILY = "1,2";
			};
			name = Debug;
		};
		68849EDB232A6DD700F60477 /* Release */ = {
			isa = XCBuildConfiguration;
			buildSettings = {
				ASSETCATALOG_COMPILER_APPICON_NAME = AppIcon;
				CODE_SIGN_STYLE = Automatic;
				DEVELOPMENT_TEAM = T4735A73T7;
				INFOPLIST_FILE = machineTest2.2/Info.plist;
				LD_RUNPATH_SEARCH_PATHS = (
					"$(inherited)",
					"@executable_path/Frameworks",
				);
				PRODUCT_BUNDLE_IDENTIFIER = "com.apurvanshul.machineTest2-2";
				PRODUCT_NAME = "$(TARGET_NAME)";
				SWIFT_VERSION = 4.2;
				TARGETED_DEVICE_FAMILY = "1,2";
			};
			name = Release;
		};
/* End XCBuildConfiguration section */

/* Begin XCConfigurationList section */
		68849EBF232A6DB100F60477 /* Build configuration list for PBXProject "machineTest2.2" */ = {
			isa = XCConfigurationList;
			buildConfigurations = (
				68849ED7232A6DD700F60477 /* Debug */,
				68849ED8232A6DD700F60477 /* Release */,
			);
			defaultConfigurationIsVisible = 0;
			defaultConfigurationName = Release;
		};
		68849ED9232A6DD700F60477 /* Build configuration list for PBXNativeTarget "machineTest2.2" */ = {
			isa = XCConfigurationList;
			buildConfigurations = (
				68849EDA232A6DD700F60477 /* Debug */,
				68849EDB232A6DD700F60477 /* Release */,
			);
			defaultConfigurationIsVisible = 0;
			defaultConfigurationName = Release;
		};
/* End XCConfigurationList section */

/* Begin XCVersionGroup section */
		68849ECE232A6DB200F60477 /* machineTest2_2.xcdatamodeld */ = {
			isa = XCVersionGroup;
			children = (
				68849ECF232A6DB200F60477 /* machineTest2_2.xcdatamodel */,
			);
			currentVersion = 68849ECF232A6DB200F60477 /* machineTest2_2.xcdatamodel */;
			path = machineTest2_2.xcdatamodeld;
			sourceTree = "<group>";
			versionGroupType = wrapper.xcdatamodel;
		};
/* End XCVersionGroup section */
	};
	rootObject = 68849EBC232A6DB100F60477 /* Project object */;
}
